// !$*UTF8*$!
{
	archiveVersion = 1;
	classes = {
	};
	objectVersion = 55;
	objects = {

/* Begin PBXBuildFile section */
		8882A7E3287EF2B9002E3419 /* PedometerAppApp.swift in Sources */ = {isa = PBXBuildFile; fileRef = 8882A7E2287EF2B9002E3419 /* PedometerAppApp.swift */; };
		8882A7E5287EF2B9002E3419 /* ContentView.swift in Sources */ = {isa = PBXBuildFile; fileRef = 8882A7E4287EF2B9002E3419 /* ContentView.swift */; };
		8882A7E7287EF2BA002E3419 /* Assets.xcassets in Resources */ = {isa = PBXBuildFile; fileRef = 8882A7E6287EF2BA002E3419 /* Assets.xcassets */; };
		8882A7EA287EF2BA002E3419 /* Preview Assets.xcassets in Resources */ = {isa = PBXBuildFile; fileRef = 8882A7E9287EF2BA002E3419 /* Preview Assets.xcassets */; };
		8882A7F4287EF2BB002E3419 /* PedometerAppTests.swift in Sources */ = {isa = PBXBuildFile; fileRef = 8882A7F3287EF2BB002E3419 /* PedometerAppTests.swift */; };
		8882A7FE287EF2BB002E3419 /* PedometerAppUITests.swift in Sources */ = {isa = PBXBuildFile; fileRef = 8882A7FD287EF2BB002E3419 /* PedometerAppUITests.swift */; };
		8882A800287EF2BB002E3419 /* PedometerAppUITestsLaunchTests.swift in Sources */ = {isa = PBXBuildFile; fileRef = 8882A7FF287EF2BB002E3419 /* PedometerAppUITestsLaunchTests.swift */; };
		8882A810287EF480002E3419 /* CMPedometer+Extensions.swift in Sources */ = {isa = PBXBuildFile; fileRef = 8882A80F287EF480002E3419 /* CMPedometer+Extensions.swift */; };
		8882A812287EF49D002E3419 /* Pedometer.swift in Sources */ = {isa = PBXBuildFile; fileRef = 8882A811287EF49D002E3419 /* Pedometer.swift */; };
		8882A814287EF4B7002E3419 /* PedometerViewModel.swift in Sources */ = {isa = PBXBuildFile; fileRef = 8882A813287EF4B7002E3419 /* PedometerViewModel.swift */; };
		8882A817287EF4EE002E3419 /* MockPedometer.swift in Sources */ = {isa = PBXBuildFile; fileRef = 8882A816287EF4EE002E3419 /* MockPedometer.swift */; };
		8882A819287EFBD4002E3419 /* MockData.swift in Sources */ = {isa = PBXBuildFile; fileRef = 8882A818287EFBD4002E3419 /* MockData.swift */; };
/* End PBXBuildFile section */

/* Begin PBXContainerItemProxy section */
		8882A7F0287EF2BB002E3419 /* PBXContainerItemProxy */ = {
			isa = PBXContainerItemProxy;
			containerPortal = 8882A7D7287EF2B9002E3419 /* Project object */;
			proxyType = 1;
			remoteGlobalIDString = 8882A7DE287EF2B9002E3419;
			remoteInfo = PedometerApp;
		};
		8882A7FA287EF2BB002E3419 /* PBXContainerItemProxy */ = {
			isa = PBXContainerItemProxy;
			containerPortal = 8882A7D7287EF2B9002E3419 /* Project object */;
			proxyType = 1;
			remoteGlobalIDString = 8882A7DE287EF2B9002E3419;
			remoteInfo = PedometerApp;
		};
/* End PBXContainerItemProxy section */

/* Begin PBXFileReference section */
		8882A7DF287EF2B9002E3419 /* PedometerApp.app */ = {isa = PBXFileReference; explicitFileType = wrapper.application; includeInIndex = 0; path = PedometerApp.app; sourceTree = BUILT_PRODUCTS_DIR; };
		8882A7E2287EF2B9002E3419 /* PedometerAppApp.swift */ = {isa = PBXFileReference; lastKnownFileType = sourcecode.swift; path = PedometerAppApp.swift; sourceTree = "<group>"; };
		8882A7E4287EF2B9002E3419 /* ContentView.swift */ = {isa = PBXFileReference; lastKnownFileType = sourcecode.swift; path = ContentView.swift; sourceTree = "<group>"; };
		8882A7E6287EF2BA002E3419 /* Assets.xcassets */ = {isa = PBXFileReference; lastKnownFileType = folder.assetcatalog; path = Assets.xcassets; sourceTree = "<group>"; };
		8882A7E9287EF2BA002E3419 /* Preview Assets.xcassets */ = {isa = PBXFileReference; lastKnownFileType = folder.assetcatalog; path = "Preview Assets.xcassets"; sourceTree = "<group>"; };
		8882A7EF287EF2BB002E3419 /* PedometerAppTests.xctest */ = {isa = PBXFileReference; explicitFileType = wrapper.cfbundle; includeInIndex = 0; path = PedometerAppTests.xctest; sourceTree = BUILT_PRODUCTS_DIR; };
		8882A7F3287EF2BB002E3419 /* PedometerAppTests.swift */ = {isa = PBXFileReference; lastKnownFileType = sourcecode.swift; path = PedometerAppTests.swift; sourceTree = "<group>"; };
		8882A7F9287EF2BB002E3419 /* PedometerAppUITests.xctest */ = {isa = PBXFileReference; explicitFileType = wrapper.cfbundle; includeInIndex = 0; path = PedometerAppUITests.xctest; sourceTree = BUILT_PRODUCTS_DIR; };
		8882A7FD287EF2BB002E3419 /* PedometerAppUITests.swift */ = {isa = PBXFileReference; lastKnownFileType = sourcecode.swift; path = PedometerAppUITests.swift; sourceTree = "<group>"; };
		8882A7FF287EF2BB002E3419 /* PedometerAppUITestsLaunchTests.swift */ = {isa = PBXFileReference; lastKnownFileType = sourcecode.swift; path = PedometerAppUITestsLaunchTests.swift; sourceTree = "<group>"; };
		8882A80F287EF480002E3419 /* CMPedometer+Extensions.swift */ = {isa = PBXFileReference; lastKnownFileType = sourcecode.swift; path = "CMPedometer+Extensions.swift"; sourceTree = "<group>"; };
		8882A811287EF49D002E3419 /* Pedometer.swift */ = {isa = PBXFileReference; lastKnownFileType = sourcecode.swift; path = Pedometer.swift; sourceTree = "<group>"; };
		8882A813287EF4B7002E3419 /* PedometerViewModel.swift */ = {isa = PBXFileReference; lastKnownFileType = sourcecode.swift; path = PedometerViewModel.swift; sourceTree = "<group>"; };
		8882A816287EF4EE002E3419 /* MockPedometer.swift */ = {isa = PBXFileReference; lastKnownFileType = sourcecode.swift; path = MockPedometer.swift; sourceTree = "<group>"; };
		8882A818287EFBD4002E3419 /* MockData.swift */ = {isa = PBXFileReference; lastKnownFileType = sourcecode.swift; path = MockData.swift; sourceTree = "<group>"; };
/* End PBXFileReference section */

/* Begin PBXFrameworksBuildPhase section */
		8882A7DC287EF2B9002E3419 /* Frameworks */ = {
			isa = PBXFrameworksBuildPhase;
			buildActionMask = 2147483647;
			files = (
			);
			runOnlyForDeploymentPostprocessing = 0;
		};
		8882A7EC287EF2BB002E3419 /* Frameworks */ = {
			isa = PBXFrameworksBuildPhase;
			buildActionMask = 2147483647;
			files = (
			);
			runOnlyForDeploymentPostprocessing = 0;
		};
		8882A7F6287EF2BB002E3419 /* Frameworks */ = {
			isa = PBXFrameworksBuildPhase;
			buildActionMask = 2147483647;
			files = (
			);
			runOnlyForDeploymentPostprocessing = 0;
		};
/* End PBXFrameworksBuildPhase section */

/* Begin PBXGroup section */
		8882A7D6287EF2B9002E3419 = {
			isa = PBXGroup;
			children = (
				8882A7E1287EF2B9002E3419 /* PedometerApp */,
				8882A7F2287EF2BB002E3419 /* PedometerAppTests */,
				8882A7FC287EF2BB002E3419 /* PedometerAppUITests */,
				8882A7E0287EF2B9002E3419 /* Products */,
			);
			sourceTree = "<group>";
		};
		8882A7E0287EF2B9002E3419 /* Products */ = {
			isa = PBXGroup;
			children = (
				8882A7DF287EF2B9002E3419 /* PedometerApp.app */,
				8882A7EF287EF2BB002E3419 /* PedometerAppTests.xctest */,
				8882A7F9287EF2BB002E3419 /* PedometerAppUITests.xctest */,
			);
			name = Products;
			sourceTree = "<group>";
		};
		8882A7E1287EF2B9002E3419 /* PedometerApp */ = {
			isa = PBXGroup;
			children = (
				8882A80C287EF42F002E3419 /* Extensions */,
				8882A80D287EF442002E3419 /* Pedometer */,
				8882A80E287EF454002E3419 /* View Models */,
				8882A7E2287EF2B9002E3419 /* PedometerAppApp.swift */,
				8882A7E4287EF2B9002E3419 /* ContentView.swift */,
				8882A7E6287EF2BA002E3419 /* Assets.xcassets */,
				8882A7E8287EF2BA002E3419 /* Preview Content */,
			);
			path = PedometerApp;
			sourceTree = "<group>";
		};
		8882A7E8287EF2BA002E3419 /* Preview Content */ = {
			isa = PBXGroup;
			children = (
				8882A7E9287EF2BA002E3419 /* Preview Assets.xcassets */,
			);
			path = "Preview Content";
			sourceTree = "<group>";
		};
		8882A7F2287EF2BB002E3419 /* PedometerAppTests */ = {
			isa = PBXGroup;
			children = (
				8882A815287EF4DA002E3419 /* Mocks */,
				8882A7F3287EF2BB002E3419 /* PedometerAppTests.swift */,
			);
			path = PedometerAppTests;
			sourceTree = "<group>";
		};
		8882A7FC287EF2BB002E3419 /* PedometerAppUITests */ = {
			isa = PBXGroup;
			children = (
				8882A7FD287EF2BB002E3419 /* PedometerAppUITests.swift */,
				8882A7FF287EF2BB002E3419 /* PedometerAppUITestsLaunchTests.swift */,
			);
			path = PedometerAppUITests;
			sourceTree = "<group>";
		};
		8882A80C287EF42F002E3419 /* Extensions */ = {
			isa = PBXGroup;
			children = (
				8882A80F287EF480002E3419 /* CMPedometer+Extensions.swift */,
			);
			path = Extensions;
			sourceTree = "<group>";
		};
		8882A80D287EF442002E3419 /* Pedometer */ = {
			isa = PBXGroup;
			children = (
				8882A811287EF49D002E3419 /* Pedometer.swift */,
			);
			path = Pedometer;
			sourceTree = "<group>";
		};
		8882A80E287EF454002E3419 /* View Models */ = {
			isa = PBXGroup;
			children = (
				8882A813287EF4B7002E3419 /* PedometerViewModel.swift */,
			);
			path = "View Models";
			sourceTree = "<group>";
		};
		8882A815287EF4DA002E3419 /* Mocks */ = {
			isa = PBXGroup;
			children = (
				8882A816287EF4EE002E3419 /* MockPedometer.swift */,
				8882A818287EFBD4002E3419 /* MockData.swift */,
			);
			path = Mocks;
			sourceTree = "<group>";
		};
/* End PBXGroup section */

/* Begin PBXNativeTarget section */
		8882A7DE287EF2B9002E3419 /* PedometerApp */ = {
			isa = PBXNativeTarget;
			buildConfigurationList = 8882A803287EF2BB002E3419 /* Build configuration list for PBXNativeTarget "PedometerApp" */;
			buildPhases = (
				8882A7DB287EF2B9002E3419 /* Sources */,
				8882A7DC287EF2B9002E3419 /* Frameworks */,
				8882A7DD287EF2B9002E3419 /* Resources */,
			);
			buildRules = (
			);
			dependencies = (
			);
			name = PedometerApp;
			productName = PedometerApp;
			productReference = 8882A7DF287EF2B9002E3419 /* PedometerApp.app */;
			productType = "com.apple.product-type.application";
		};
		8882A7EE287EF2BB002E3419 /* PedometerAppTests */ = {
			isa = PBXNativeTarget;
			buildConfigurationList = 8882A806287EF2BB002E3419 /* Build configuration list for PBXNativeTarget "PedometerAppTests" */;
			buildPhases = (
				8882A7EB287EF2BB002E3419 /* Sources */,
				8882A7EC287EF2BB002E3419 /* Frameworks */,
				8882A7ED287EF2BB002E3419 /* Resources */,
			);
			buildRules = (
			);
			dependencies = (
				8882A7F1287EF2BB002E3419 /* PBXTargetDependency */,
			);
			name = PedometerAppTests;
			productName = PedometerAppTests;
			productReference = 8882A7EF287EF2BB002E3419 /* PedometerAppTests.xctest */;
			productType = "com.apple.product-type.bundle.unit-test";
		};
		8882A7F8287EF2BB002E3419 /* PedometerAppUITests */ = {
			isa = PBXNativeTarget;
			buildConfigurationList = 8882A809287EF2BB002E3419 /* Build configuration list for PBXNativeTarget "PedometerAppUITests" */;
			buildPhases = (
				8882A7F5287EF2BB002E3419 /* Sources */,
				8882A7F6287EF2BB002E3419 /* Frameworks */,
				8882A7F7287EF2BB002E3419 /* Resources */,
			);
			buildRules = (
			);
			dependencies = (
				8882A7FB287EF2BB002E3419 /* PBXTargetDependency */,
			);
			name = PedometerAppUITests;
			productName = PedometerAppUITests;
			productReference = 8882A7F9287EF2BB002E3419 /* PedometerAppUITests.xctest */;
			productType = "com.apple.product-type.bundle.ui-testing";
		};
/* End PBXNativeTarget section */

/* Begin PBXProject section */
		8882A7D7287EF2B9002E3419 /* Project object */ = {
			isa = PBXProject;
			attributes = {
				BuildIndependentTargetsInParallel = 1;
				LastSwiftUpdateCheck = 1320;
				LastUpgradeCheck = 1320;
				TargetAttributes = {
					8882A7DE287EF2B9002E3419 = {
						CreatedOnToolsVersion = 13.2;
					};
					8882A7EE287EF2BB002E3419 = {
						CreatedOnToolsVersion = 13.2;
						TestTargetID = 8882A7DE287EF2B9002E3419;
					};
					8882A7F8287EF2BB002E3419 = {
						CreatedOnToolsVersion = 13.2;
						TestTargetID = 8882A7DE287EF2B9002E3419;
					};
				};
			};
			buildConfigurationList = 8882A7DA287EF2B9002E3419 /* Build configuration list for PBXProject "PedometerApp" */;
			compatibilityVersion = "Xcode 13.0";
			developmentRegion = en;
			hasScannedForEncodings = 0;
			knownRegions = (
				en,
				Base,
			);
			mainGroup = 8882A7D6287EF2B9002E3419;
			productRefGroup = 8882A7E0287EF2B9002E3419 /* Products */;
			projectDirPath = "";
			projectRoot = "";
			targets = (
				8882A7DE287EF2B9002E3419 /* PedometerApp */,
				8882A7EE287EF2BB002E3419 /* PedometerAppTests */,
				8882A7F8287EF2BB002E3419 /* PedometerAppUITests */,
			);
		};
/* End PBXProject section */

/* Begin PBXResourcesBuildPhase section */
		8882A7DD287EF2B9002E3419 /* Resources */ = {
			isa = PBXResourcesBuildPhase;
			buildActionMask = 2147483647;
			files = (
				8882A7EA287EF2BA002E3419 /* Preview Assets.xcassets in Resources */,
				8882A7E7287EF2BA002E3419 /* Assets.xcassets in Resources */,
			);
			runOnlyForDeploymentPostprocessing = 0;
		};
		8882A7ED287EF2BB002E3419 /* Resources */ = {
			isa = PBXResourcesBuildPhase;
			buildActionMask = 2147483647;
			files = (
			);
			runOnlyForDeploymentPostprocessing = 0;
		};
		8882A7F7287EF2BB002E3419 /* Resources */ = {
			isa = PBXResourcesBuildPhase;
			buildActionMask = 2147483647;
			files = (
			);
			runOnlyForDeploymentPostprocessing = 0;
		};
/* End PBXResourcesBuildPhase section */

/* Begin PBXSourcesBuildPhase section */
		8882A7DB287EF2B9002E3419 /* Sources */ = {
			isa = PBXSourcesBuildPhase;
			buildActionMask = 2147483647;
			files = (
				8882A814287EF4B7002E3419 /* PedometerViewModel.swift in Sources */,
				8882A7E5287EF2B9002E3419 /* ContentView.swift in Sources */,
				8882A7E3287EF2B9002E3419 /* PedometerAppApp.swift in Sources */,
				8882A810287EF480002E3419 /* CMPedometer+Extensions.swift in Sources */,
				8882A812287EF49D002E3419 /* Pedometer.swift in Sources */,
			);
			runOnlyForDeploymentPostprocessing = 0;
		};
		8882A7EB287EF2BB002E3419 /* Sources */ = {
			isa = PBXSourcesBuildPhase;
			buildActionMask = 2147483647;
			files = (
				8882A7F4287EF2BB002E3419 /* PedometerAppTests.swift in Sources */,
				8882A819287EFBD4002E3419 /* MockData.swift in Sources */,
				8882A817287EF4EE002E3419 /* MockPedometer.swift in Sources */,
			);
			runOnlyForDeploymentPostprocessing = 0;
		};
		8882A7F5287EF2BB002E3419 /* Sources */ = {
			isa = PBXSourcesBuildPhase;
			buildActionMask = 2147483647;
			files = (
				8882A800287EF2BB002E3419 /* PedometerAppUITestsLaunchTests.swift in Sources */,
				8882A7FE287EF2BB002E3419 /* PedometerAppUITests.swift in Sources */,
			);
			runOnlyForDeploymentPostprocessing = 0;
		};
/* End PBXSourcesBuildPhase section */

/* Begin PBXTargetDependency section */
		8882A7F1287EF2BB002E3419 /* PBXTargetDependency */ = {
			isa = PBXTargetDependency;
			target = 8882A7DE287EF2B9002E3419 /* PedometerApp */;
			targetProxy = 8882A7F0287EF2BB002E3419 /* PBXContainerItemProxy */;
		};
		8882A7FB287EF2BB002E3419 /* PBXTargetDependency */ = {
			isa = PBXTargetDependency;
			target = 8882A7DE287EF2B9002E3419 /* PedometerApp */;
			targetProxy = 8882A7FA287EF2BB002E3419 /* PBXContainerItemProxy */;
		};
/* End PBXTargetDependency section */

/* Begin XCBuildConfiguration section */
		8882A801287EF2BB002E3419 /* Debug */ = {
			isa = XCBuildConfiguration;
			buildSettings = {
				ALWAYS_SEARCH_USER_PATHS = NO;
				CLANG_ANALYZER_NONNULL = YES;
				CLANG_ANALYZER_NUMBER_OBJECT_CONVERSION = YES_AGGRESSIVE;
				CLANG_CXX_LANGUAGE_STANDARD = "gnu++17";
				CLANG_CXX_LIBRARY = "libc++";
				CLANG_ENABLE_MODULES = YES;
				CLANG_ENABLE_OBJC_ARC = YES;
				CLANG_ENABLE_OBJC_WEAK = YES;
				CLANG_WARN_BLOCK_CAPTURE_AUTORELEASING = YES;
				CLANG_WARN_BOOL_CONVERSION = YES;
				CLANG_WARN_COMMA = YES;
				CLANG_WARN_CONSTANT_CONVERSION = YES;
				CLANG_WARN_DEPRECATED_OBJC_IMPLEMENTATIONS = YES;
				CLANG_WARN_DIRECT_OBJC_ISA_USAGE = YES_ERROR;
				CLANG_WARN_DOCUMENTATION_COMMENTS = YES;
				CLANG_WARN_EMPTY_BODY = YES;
				CLANG_WARN_ENUM_CONVERSION = YES;
				CLANG_WARN_INFINITE_RECURSION = YES;
				CLANG_WARN_INT_CONVERSION = YES;
				CLANG_WARN_NON_LITERAL_NULL_CONVERSION = YES;
				CLANG_WARN_OBJC_IMPLICIT_RETAIN_SELF = YES;
				CLANG_WARN_OBJC_LITERAL_CONVERSION = YES;
				CLANG_WARN_OBJC_ROOT_CLASS = YES_ERROR;
				CLANG_WARN_QUOTED_INCLUDE_IN_FRAMEWORK_HEADER = YES;
				CLANG_WARN_RANGE_LOOP_ANALYSIS = YES;
				CLANG_WARN_STRICT_PROTOTYPES = YES;
				CLANG_WARN_SUSPICIOUS_MOVE = YES;
				CLANG_WARN_UNGUARDED_AVAILABILITY = YES_AGGRESSIVE;
				CLANG_WARN_UNREACHABLE_CODE = YES;
				CLANG_WARN__DUPLICATE_METHOD_MATCH = YES;
				COPY_PHASE_STRIP = NO;
				DEBUG_INFORMATION_FORMAT = dwarf;
				ENABLE_STRICT_OBJC_MSGSEND = YES;
				ENABLE_TESTABILITY = YES;
				GCC_C_LANGUAGE_STANDARD = gnu11;
				GCC_DYNAMIC_NO_PIC = NO;
				GCC_NO_COMMON_BLOCKS = YES;
				GCC_OPTIMIZATION_LEVEL = 0;
				GCC_PREPROCESSOR_DEFINITIONS = (
					"DEBUG=1",
					"$(inherited)",
				);
				GCC_WARN_64_TO_32_BIT_CONVERSION = YES;
				GCC_WARN_ABOUT_RETURN_TYPE = YES_ERROR;
				GCC_WARN_UNDECLARED_SELECTOR = YES;
				GCC_WARN_UNINITIALIZED_AUTOS = YES_AGGRESSIVE;
				GCC_WARN_UNUSED_FUNCTION = YES;
				GCC_WARN_UNUSED_VARIABLE = YES;
				IPHONEOS_DEPLOYMENT_TARGET = 15.2;
				MTL_ENABLE_DEBUG_INFO = INCLUDE_SOURCE;
				MTL_FAST_MATH = YES;
				ONLY_ACTIVE_ARCH = YES;
				SDKROOT = iphoneos;
				SWIFT_ACTIVE_COMPILATION_CONDITIONS = DEBUG;
				SWIFT_OPTIMIZATION_LEVEL = "-Onone";
			};
			name = Debug;
		};
		8882A802287EF2BB002E3419 /* Release */ = {
			isa = XCBuildConfiguration;
			buildSettings = {
				ALWAYS_SEARCH_USER_PATHS = NO;
				CLANG_ANALYZER_NONNULL = YES;
				CLANG_ANALYZER_NUMBER_OBJECT_CONVERSION = YES_AGGRESSIVE;
				CLANG_CXX_LANGUAGE_STANDARD = "gnu++17";
				CLANG_CXX_LIBRARY = "libc++";
				CLANG_ENABLE_MODULES = YES;
				CLANG_ENABLE_OBJC_ARC = YES;
				CLANG_ENABLE_OBJC_WEAK = YES;
				CLANG_WARN_BLOCK_CAPTURE_AUTORELEASING = YES;
				CLANG_WARN_BOOL_CONVERSION = YES;
				CLANG_WARN_COMMA = YES;
				CLANG_WARN_CONSTANT_CONVERSION = YES;
				CLANG_WARN_DEPRECATED_OBJC_IMPLEMENTATIONS = YES;
				CLANG_WARN_DIRECT_OBJC_ISA_USAGE = YES_ERROR;
				CLANG_WARN_DOCUMENTATION_COMMENTS = YES;
				CLANG_WARN_EMPTY_BODY = YES;
				CLANG_WARN_ENUM_CONVERSION = YES;
				CLANG_WARN_INFINITE_RECURSION = YES;
				CLANG_WARN_INT_CONVERSION = YES;
				CLANG_WARN_NON_LITERAL_NULL_CONVERSION = YES;
				CLANG_WARN_OBJC_IMPLICIT_RETAIN_SELF = YES;
				CLANG_WARN_OBJC_LITERAL_CONVERSION = YES;
				CLANG_WARN_OBJC_ROOT_CLASS = YES_ERROR;
				CLANG_WARN_QUOTED_INCLUDE_IN_FRAMEWORK_HEADER = YES;
				CLANG_WARN_RANGE_LOOP_ANALYSIS = YES;
				CLANG_WARN_STRICT_PROTOTYPES = YES;
				CLANG_WARN_SUSPICIOUS_MOVE = YES;
				CLANG_WARN_UNGUARDED_AVAILABILITY = YES_AGGRESSIVE;
				CLANG_WARN_UNREACHABLE_CODE = YES;
				CLANG_WARN__DUPLICATE_METHOD_MATCH = YES;
				COPY_PHASE_STRIP = NO;
				DEBUG_INFORMATION_FORMAT = "dwarf-with-dsym";
				ENABLE_NS_ASSERTIONS = NO;
				ENABLE_STRICT_OBJC_MSGSEND = YES;
				GCC_C_LANGUAGE_STANDARD = gnu11;
				GCC_NO_COMMON_BLOCKS = YES;
				GCC_WARN_64_TO_32_BIT_CONVERSION = YES;
				GCC_WARN_ABOUT_RETURN_TYPE = YES_ERROR;
				GCC_WARN_UNDECLARED_SELECTOR = YES;
				GCC_WARN_UNINITIALIZED_AUTOS = YES_AGGRESSIVE;
				GCC_WARN_UNUSED_FUNCTION = YES;
				GCC_WARN_UNUSED_VARIABLE = YES;
				IPHONEOS_DEPLOYMENT_TARGET = 15.2;
				MTL_ENABLE_DEBUG_INFO = NO;
				MTL_FAST_MATH = YES;
				SDKROOT = iphoneos;
				SWIFT_COMPILATION_MODE = wholemodule;
				SWIFT_OPTIMIZATION_LEVEL = "-O";
				VALIDATE_PRODUCT = YES;
			};
			name = Release;
		};
		8882A804287EF2BB002E3419 /* Debug */ = {
			isa = XCBuildConfiguration;
			buildSettings = {
				ASSETCATALOG_COMPILER_APPICON_NAME = AppIcon;
				ASSETCATALOG_COMPILER_GLOBAL_ACCENT_COLOR_NAME = AccentColor;
				CODE_SIGN_STYLE = Automatic;
				CURRENT_PROJECT_VERSION = 1;
				DEVELOPMENT_ASSET_PATHS = "\"PedometerApp/Preview Content\"";
				DEVELOPMENT_TEAM = V5AXQY3P8H;
				ENABLE_PREVIEWS = YES;
				GENERATE_INFOPLIST_FILE = YES;
				INFOPLIST_KEY_UIApplicationSceneManifest_Generation = YES;
				INFOPLIST_KEY_UIApplicationSupportsIndirectInputEvents = YES;
				INFOPLIST_KEY_UILaunchScreen_Generation = YES;
				INFOPLIST_KEY_UISupportedInterfaceOrientations_iPad = "UIInterfaceOrientationPortrait UIInterfaceOrientationPortraitUpsideDown UIInterfaceOrientationLandscapeLeft UIInterfaceOrientationLandscapeRight";
				INFOPLIST_KEY_UISupportedInterfaceOrientations_iPhone = "UIInterfaceOrientationPortrait UIInterfaceOrientationLandscapeLeft UIInterfaceOrientationLandscapeRight";
				LD_RUNPATH_SEARCH_PATHS = (
					"$(inherited)",
					"@executable_path/Frameworks",
				);
				MARKETING_VERSION = 1.0;
				PRODUCT_BUNDLE_IDENTIFIER = com.me.PedometerApp;
				PRODUCT_NAME = "$(TARGET_NAME)";
				SWIFT_EMIT_LOC_STRINGS = YES;
				SWIFT_VERSION = 5.0;
				TARGETED_DEVICE_FAMILY = "1,2";
			};
			name = Debug;
		};
		8882A805287EF2BB002E3419 /* Release */ = {
			isa = XCBuildConfiguration;
			buildSettings = {
				ASSETCATALOG_COMPILER_APPICON_NAME = AppIcon;
				ASSETCATALOG_COMPILER_GLOBAL_ACCENT_COLOR_NAME = AccentColor;
				CODE_SIGN_STYLE = Automatic;
				CURRENT_PROJECT_VERSION = 1;
				DEVELOPMENT_ASSET_PATHS = "\"PedometerApp/Preview Content\"";
				DEVELOPMENT_TEAM = V5AXQY3P8H;
				ENABLE_PREVIEWS = YES;
				GENERATE_INFOPLIST_FILE = YES;
				INFOPLIST_KEY_UIApplicationSceneManifest_Generation = YES;
				INFOPLIST_KEY_UIApplicationSupportsIndirectInputEvents = YES;
				INFOPLIST_KEY_UILaunchScreen_Generation = YES;
				INFOPLIST_KEY_UISupportedInterfaceOrientations_iPad = "UIInterfaceOrientationPortrait UIInterfaceOrientationPortraitUpsideDown UIInterfaceOrientationLandscapeLeft UIInterfaceOrientationLandscapeRight";
				INFOPLIST_KEY_UISupportedInterfaceOrientations_iPhone = "UIInterfaceOrientationPortrait UIInterfaceOrientationLandscapeLeft UIInterfaceOrientationLandscapeRight";
				LD_RUNPATH_SEARCH_PATHS = (
					"$(inherited)",
					"@executable_path/Frameworks",
				);
				MARKETING_VERSION = 1.0;
				PRODUCT_BUNDLE_IDENTIFIER = com.me.PedometerApp;
				PRODUCT_NAME = "$(TARGET_NAME)";
				SWIFT_EMIT_LOC_STRINGS = YES;
				SWIFT_VERSION = 5.0;
				TARGETED_DEVICE_FAMILY = "1,2";
			};
			name = Release;
		};
		8882A807287EF2BB002E3419 /* Debug */ = {
			isa = XCBuildConfiguration;
			buildSettings = {
				ALWAYS_EMBED_SWIFT_STANDARD_LIBRARIES = YES;
				BUNDLE_LOADER = "$(TEST_HOST)";
				CODE_SIGN_STYLE = Automatic;
				CURRENT_PROJECT_VERSION = 1;
				DEVELOPMENT_TEAM = V5AXQY3P8H;
				GENERATE_INFOPLIST_FILE = YES;
				IPHONEOS_DEPLOYMENT_TARGET = 15.2;
				MARKETING_VERSION = 1.0;
				PRODUCT_BUNDLE_IDENTIFIER = com.me.PedometerAppTests;
				PRODUCT_NAME = "$(TARGET_NAME)";
				SWIFT_EMIT_LOC_STRINGS = NO;
				SWIFT_VERSION = 5.0;
				TARGETED_DEVICE_FAMILY = "1,2";
				TEST_HOST = "$(BUILT_PRODUCTS_DIR)/PedometerApp.app/PedometerApp";
			};
			name = Debug;
		};
		8882A808287EF2BB002E3419 /* Release */ = {
			isa = XCBuildConfiguration;
			buildSettings = {
				ALWAYS_EMBED_SWIFT_STANDARD_LIBRARIES = YES;
				BUNDLE_LOADER = "$(TEST_HOST)";
				CODE_SIGN_STYLE = Automatic;
				CURRENT_PROJECT_VERSION = 1;
				DEVELOPMENT_TEAM = V5AXQY3P8H;
				GENERATE_INFOPLIST_FILE = YES;
				IPHONEOS_DEPLOYMENT_TARGET = 15.2;
				MARKETING_VERSION = 1.0;
				PRODUCT_BUNDLE_IDENTIFIER = com.me.PedometerAppTests;
				PRODUCT_NAME = "$(TARGET_NAME)";
				SWIFT_EMIT_LOC_STRINGS = NO;
				SWIFT_VERSION = 5.0;
				TARGETED_DEVICE_FAMILY = "1,2";
				TEST_HOST = "$(BUILT_PRODUCTS_DIR)/PedometerApp.app/PedometerApp";
			};
			name = Release;
		};
		8882A80A287EF2BB002E3419 /* Debug */ = {
			isa = XCBuildConfiguration;
			buildSettings = {
				ALWAYS_EMBED_SWIFT_STANDARD_LIBRARIES = YES;
				CODE_SIGN_STYLE = Automatic;
				CURRENT_PROJECT_VERSION = 1;
				DEVELOPMENT_TEAM = V5AXQY3P8H;
				GENERATE_INFOPLIST_FILE = YES;
				MARKETING_VERSION = 1.0;
				PRODUCT_BUNDLE_IDENTIFIER = com.me.PedometerAppUITests;
				PRODUCT_NAME = "$(TARGET_NAME)";
				SWIFT_EMIT_LOC_STRINGS = NO;
				SWIFT_VERSION = 5.0;
				TARGETED_DEVICE_FAMILY = "1,2";
				TEST_TARGET_NAME = PedometerApp;
			};
			name = Debug;
		};
		8882A80B287EF2BB002E3419 /* Release */ = {
			isa = XCBuildConfiguration;
			buildSettings = {
				ALWAYS_EMBED_SWIFT_STANDARD_LIBRARIES = YES;
				CODE_SIGN_STYLE = Automatic;
				CURRENT_PROJECT_VERSION = 1;
				DEVELOPMENT_TEAM = V5AXQY3P8H;
				GENERATE_INFOPLIST_FILE = YES;
				MARKETING_VERSION = 1.0;
				PRODUCT_BUNDLE_IDENTIFIER = com.me.PedometerAppUITests;
				PRODUCT_NAME = "$(TARGET_NAME)";
				SWIFT_EMIT_LOC_STRINGS = NO;
				SWIFT_VERSION = 5.0;
				TARGETED_DEVICE_FAMILY = "1,2";
				TEST_TARGET_NAME = PedometerApp;
			};
			name = Release;
		};
/* End XCBuildConfiguration section */

/* Begin XCConfigurationList section */
		8882A7DA287EF2B9002E3419 /* Build configuration list for PBXProject "PedometerApp" */ = {
			isa = XCConfigurationList;
			buildConfigurations = (
				8882A801287EF2BB002E3419 /* Debug */,
				8882A802287EF2BB002E3419 /* Release */,
			);
			defaultConfigurationIsVisible = 0;
			defaultConfigurationName = Release;
		};
		8882A803287EF2BB002E3419 /* Build configuration list for PBXNativeTarget "PedometerApp" */ = {
			isa = XCConfigurationList;
			buildConfigurations = (
				8882A804287EF2BB002E3419 /* Debug */,
				8882A805287EF2BB002E3419 /* Release */,
			);
			defaultConfigurationIsVisible = 0;
			defaultConfigurationName = Release;
		};
		8882A806287EF2BB002E3419 /* Build configuration list for PBXNativeTarget "PedometerAppTests" */ = {
			isa = XCConfigurationList;
			buildConfigurations = (
				8882A807287EF2BB002E3419 /* Debug */,
				8882A808287EF2BB002E3419 /* Release */,
			);
			defaultConfigurationIsVisible = 0;
			defaultConfigurationName = Release;
		};
		8882A809287EF2BB002E3419 /* Build configuration list for PBXNativeTarget "PedometerAppUITests" */ = {
			isa = XCConfigurationList;
			buildConfigurations = (
				8882A80A287EF2BB002E3419 /* Debug */,
				8882A80B287EF2BB002E3419 /* Release */,
			);
			defaultConfigurationIsVisible = 0;
			defaultConfigurationName = Release;
		};
/* End XCConfigurationList section */
	};
	rootObject = 8882A7D7287EF2B9002E3419 /* Project object */;
}
